{
  "name": "memory-back",
  "version": "1.0.0",
  "lockfileVersion": 2,
  "requires": true,
  "packages": {
    "": {
      "version": "1.0.0",
      "license": "ISC",
      "dependencies": {
        "@types/express": "github:types/express"
      }
    },
    "node_modules/@types/express": {
      "version": "4.14.0",
      "resolved": "git+ssh://git@github.com/types/express.git#7670cf1cbce96b3159e3ff04a253926b34111220",
      "license": "ISC",
      "dependencies": {
        "@types/serve-static": "github:types/npm-serve-static#c1f96843c8b96a37f6c534cb1dadb48f5329e4e0",
        "path-to-regexp": "github:pillarjs/path-to-regexp#ec285ed3500aed455df59e3b8b07f473412918a4"
      },
      "peerDependencies": {
        "@types/node": "*"
      }
    },
    "node_modules/@types/node": {
      "version": "14.14.36",
      "resolved": "https://registry.npmjs.org/@types/node/-/node-14.14.36.tgz",
      "integrity": "sha512-kjivUwDJfIjngzbhooRnOLhGYz6oRFi+L+EpMjxroDYXwDw9lHrJJ43E+dJ6KAd3V3WxWAJ/qZE9XKYHhjPOFQ==",
      "peer": true
    },
    "node_modules/@types/serve-static": {
      "version": "1.11.1",
      "resolved": "git+ssh://git@github.com/types/npm-serve-static.git#c1f96843c8b96a37f6c534cb1dadb48f5329e4e0",
      "integrity": "sha512-LJmsxYPxGo7TmbVNQImJ/RqRcco7XppWdkpdB5PSBfi6OjcUwb/kSSSrlW0vcEEW7q/8XyE6cNEgm5H5M0aeow==",
      "license": "ISC",
      "peerDependencies": {
        "@types/node": "*"
      }
    },
    "node_modules/isarray": {
      "version": "0.0.1",
      "resolved": "https://registry.npmjs.org/isarray/-/isarray-0.0.1.tgz",
      "integrity": "sha1-ihis/Kmo9Bd+Cav8YDiTmwXR7t8="
    },
    "node_modules/path-to-regexp": {
      "version": "1.5.3",
      "resolved": "git+ssh://git@github.com/pillarjs/path-to-regexp.git#ec285ed3500aed455df59e3b8b07f473412918a4",
      "integrity": "sha512-4pWGv2RBLFvUxYWTCLAyG6ePPO/XCWtiaFeGy9k2230foOjUI6bS0p/Ew88P97HfMYnG3VjQBaSNZeoHZ0bsRQ==",
      "license": "MIT",
      "dependencies": {
        "isarray": "0.0.1"
      }
    }
  },
  "dependencies": {
    "@types/express": {
      "version": "git+ssh://git@github.com/types/express.git#7670cf1cbce96b3159e3ff04a253926b34111220",
      "from": "@types/express@github:types/express",
      "requires": {
        "@types/serve-static": "github:types/npm-serve-static#c1f96843c8b96a37f6c534cb1dadb48f5329e4e0",
        "path-to-regexp": "github:pillarjs/path-to-regexp#ec285ed3500aed455df59e3b8b07f473412918a4"
      }
    },
    "@types/node": {
      "version": "14.14.36",
      "resolved": "https://registry.npmjs.org/@types/node/-/node-14.14.36.tgz",
      "integrity": "sha512-kjivUwDJfIjngzbhooRnOLhGYz6oRFi+L+EpMjxroDYXwDw9lHrJJ43E+dJ6KAd3V3WxWAJ/qZE9XKYHhjPOFQ==",
      "peer": true
    },
    "@types/serve-static": {
      "version": "git+ssh://git@github.com/types/npm-serve-static.git#c1f96843c8b96a37f6c534cb1dadb48f5329e4e0",
      "integrity": "sha512-LJmsxYPxGo7TmbVNQImJ/RqRcco7XppWdkpdB5PSBfi6OjcUwb/kSSSrlW0vcEEW7q/8XyE6cNEgm5H5M0aeow==",
      "from": "@types/serve-static@github:types/npm-serve-static#c1f96843c8b96a37f6c534cb1dadb48f5329e4e0",
      "requires": {}
    },
    "isarray": {
      "version": "0.0.1",
      "resolved": "https://registry.npmjs.org/isarray/-/isarray-0.0.1.tgz",
      "integrity": "sha1-ihis/Kmo9Bd+Cav8YDiTmwXR7t8="
    },
    "path-to-regexp": {
      "version": "git+ssh://git@github.com/pillarjs/path-to-regexp.git#ec285ed3500aed455df59e3b8b07f473412918a4",
      "integrity": "sha512-4pWGv2RBLFvUxYWTCLAyG6ePPO/XCWtiaFeGy9k2230foOjUI6bS0p/Ew88P97HfMYnG3VjQBaSNZeoHZ0bsRQ==",
      "from": "path-to-regexp@github:pillarjs/path-to-regexp#ec285ed3500aed455df59e3b8b07f473412918a4",
      "requires": {
        "isarray": "0.0.1"
      }
    }
  }
}
